{
    "name": "magicworker",
    "version": "1.1.9",
    "lockfileVersion": 2,
    "requires": true,
    "packages": {
        "": {
            "name": "magicworker",
            "version": "1.1.9",
            "license": "AGPL-3.0-or-later",
            "dependencies": {
                "anotherstatemanager": "^1.1.0",
                "brainsatplay-math": "^0.0.18",
                "gpujsutils": "^1.0.5",
                "three": "^0.140.2"
            },
            "devDependencies": {}
        },
        "../../../../../AppData/Roaming/npm/node_modules/tinybuild": {
            "version": "0.3.59",
            "extraneous": true,
            "license": "AGPL-3.0-or-later",
            "bin": {
                "tinybuild": "tinybuild/bin/global.js"
            },
            "devDependencies": {
                "chokidar": "~3.5.3",
                "esbuild": "^0.14.38",
                "esbuild-plugin-d.ts": "^1.1.0",
                "ws": "^8.5.0"
            }
        },
        "node_modules/anotherstatemanager": {
            "version": "1.1.0",
            "resolved": "https://registry.npmjs.org/anotherstatemanager/-/anotherstatemanager-1.1.0.tgz",
            "integrity": "sha512-VIbRaYGSQGTaGZhFwMmAoj4tLZYHFOZyNV6Y5uoIbI5jwixBeZ8S22YIZs2icDj2XY23q8YmqXf6HdCiaDqHGA==",
            "dependencies": {
                "objectlisteners": "1.0.5"
            }
        },
        "node_modules/brainsatplay-math": {
            "version": "0.0.18",
            "resolved": "https://registry.npmjs.org/brainsatplay-math/-/brainsatplay-math-0.0.18.tgz",
            "integrity": "sha512-UXDqWwqHvL3rWLuO35UGC2IvaPG/Ak7p9T7kEYpaFkRdkR+2ULUnjdnqpWt/w9lPoThV+XlG6qilTG8wNDdBAQ=="
        },
        "node_modules/gpujsutils": {
            "version": "1.0.5",
            "resolved": "https://registry.npmjs.org/gpujsutils/-/gpujsutils-1.0.5.tgz",
            "integrity": "sha512-fnuMa1PbVsKQG8UXjeYXT4ejig91TSV2SILzlOuwUI8rfNJHxZpSdBEx12yzBU+q04tUQEtZwNC7j1pjr9QFgA=="
        },
        "node_modules/objectlisteners": {
            "version": "1.0.5",
            "resolved": "https://registry.npmjs.org/objectlisteners/-/objectlisteners-1.0.5.tgz",
            "integrity": "sha512-uNOHU5HmaZFiLCJzYfB3mbiEXfiN/3KAzWJjLwmQDJ21xNvbrmNd47mCo8FrRpFe48N3prZFGynFPz5EfGu2qQ=="
        },
        "node_modules/three": {
            "version": "0.140.2",
            "resolved": "https://registry.npmjs.org/three/-/three-0.140.2.tgz",
            "integrity": "sha512-DdT/AHm/TbZXEhQKQpGt5/iSgBrmXpjU26FNtj1KhllVPTKj1eG4X/ShyD5W2fngE+I1s1wa4ttC4C3oCJt7Ag=="
        }
    },
    "dependencies": {
        "anotherstatemanager": {
            "version": "1.1.0",
            "resolved": "https://registry.npmjs.org/anotherstatemanager/-/anotherstatemanager-1.1.0.tgz",
            "integrity": "sha512-VIbRaYGSQGTaGZhFwMmAoj4tLZYHFOZyNV6Y5uoIbI5jwixBeZ8S22YIZs2icDj2XY23q8YmqXf6HdCiaDqHGA==",
            "requires": {
                "objectlisteners": "1.0.5"
            }
        },
        "brainsatplay-math": {
            "version": "0.0.18",
            "resolved": "https://registry.npmjs.org/brainsatplay-math/-/brainsatplay-math-0.0.18.tgz",
            "integrity": "sha512-UXDqWwqHvL3rWLuO35UGC2IvaPG/Ak7p9T7kEYpaFkRdkR+2ULUnjdnqpWt/w9lPoThV+XlG6qilTG8wNDdBAQ=="
        },
        "gpujsutils": {
            "version": "1.0.5",
            "resolved": "https://registry.npmjs.org/gpujsutils/-/gpujsutils-1.0.5.tgz",
            "integrity": "sha512-fnuMa1PbVsKQG8UXjeYXT4ejig91TSV2SILzlOuwUI8rfNJHxZpSdBEx12yzBU+q04tUQEtZwNC7j1pjr9QFgA=="
        },
        "objectlisteners": {
            "version": "1.0.5",
            "resolved": "https://registry.npmjs.org/objectlisteners/-/objectlisteners-1.0.5.tgz",
            "integrity": "sha512-uNOHU5HmaZFiLCJzYfB3mbiEXfiN/3KAzWJjLwmQDJ21xNvbrmNd47mCo8FrRpFe48N3prZFGynFPz5EfGu2qQ=="
        },
        "three": {
            "version": "0.140.2",
            "resolved": "https://registry.npmjs.org/three/-/three-0.140.2.tgz",
            "integrity": "sha512-DdT/AHm/TbZXEhQKQpGt5/iSgBrmXpjU26FNtj1KhllVPTKj1eG4X/ShyD5W2fngE+I1s1wa4ttC4C3oCJt7Ag=="
        }
    }
}
